
Microsoft Visual Studio Solution File, Format Version 12.00
# Visual Studio Version 17
VisualStudioVersion = 17.0.31912.275
MinimumVisualStudioVersion = 10.0.40219.1
Project("{FAE04EC0-301F-11D3-BF4B-00C04F79EFBC}") = "MA_analyzer", "MA_analyzer\MA_analyzer.csproj", "{F7D18A77-78AE-4448-84A1-1EBABCCE6189}"
EndProject
Global
	GlobalSection(SolutionConfigurationPlatforms) = preSolution
		Debug|Any CPU = Debug|Any CPU
		Release|Any CPU = Release|Any CPU
	EndGlobalSection
	GlobalSection(ProjectConfigurationPlatforms) = postSolution
		{F7D18A77-78AE-4448-84A1-1EBABCCE6189}.Debug|Any CPU.ActiveCfg = Debug|Any CPU
		{F7D18A77-78AE-4448-84A1-1EBABCCE6189}.Debug|Any CPU.Build.0 = Debug|Any CPU
		{F7D18A77-78AE-4448-84A1-1EBABCCE6189}.Release|Any CPU.ActiveCfg = Release|Any CPU
		{F7D18A77-78AE-4448-84A1-1EBABCCE6189}.Release|Any CPU.Build.0 = Release|Any CPU
	EndGlobalSection
	GlobalSection(SolutionProperties) = preSolution
		HideSolutionNode = FALSE
	EndGlobalSection
	GlobalSection(ExtensibilityGlobals) = postSolution
		SolutionGuid = {14EE8224-E4A4-4008-AB5A-B10080B99D8F}
	EndGlobalSection
EndGlobal
