
Microsoft Visual Studio Solution File, Format Version 12.00
# Visual Studio Version 17
VisualStudioVersion = 17.0.31912.275
MinimumVisualStudioVersion = 10.0.40219.1
Project("{9A19103F-16F7-4668-BE54-9A1E7A4F7556}") = "MA_analyzer", "MA_analyzer\MA_analyzer.csproj", "{F7D18A77-78AE-4448-84A1-1EBABCCE6189}"
EndProject
Project("{9A19103F-16F7-4668-BE54-9A1E7A4F7556}") = "MA_app", "MA_app\MA_app.csproj", "{C36422FF-B00C-4D39-82FB-43C542D26440}"
EndProject
Project("{FAE04EC0-301F-11D3-BF4B-00C04F79EFBC}") = "MA_api", "MA_api\MA_api.csproj", "{EB4F4701-DE34-4876-8459-5C13A4A7AAE2}"
EndProject
Global
	GlobalSection(SolutionConfigurationPlatforms) = preSolution
		Debug|Any CPU = Debug|Any CPU
		Release|Any CPU = Release|Any CPU
	EndGlobalSection
	GlobalSection(ProjectConfigurationPlatforms) = postSolution
		{F7D18A77-78AE-4448-84A1-1EBABCCE6189}.Debug|Any CPU.ActiveCfg = Debug|Any CPU
		{F7D18A77-78AE-4448-84A1-1EBABCCE6189}.Debug|Any CPU.Build.0 = Debug|Any CPU
		{F7D18A77-78AE-4448-84A1-1EBABCCE6189}.Release|Any CPU.ActiveCfg = Release|Any CPU
		{F7D18A77-78AE-4448-84A1-1EBABCCE6189}.Release|Any CPU.Build.0 = Release|Any CPU
		{C36422FF-B00C-4D39-82FB-43C542D26440}.Debug|Any CPU.ActiveCfg = Debug|Any CPU
		{C36422FF-B00C-4D39-82FB-43C542D26440}.Debug|Any CPU.Build.0 = Debug|Any CPU
		{C36422FF-B00C-4D39-82FB-43C542D26440}.Release|Any CPU.ActiveCfg = Release|Any CPU
		{C36422FF-B00C-4D39-82FB-43C542D26440}.Release|Any CPU.Build.0 = Release|Any CPU
		{EB4F4701-DE34-4876-8459-5C13A4A7AAE2}.Debug|Any CPU.ActiveCfg = Debug|Any CPU
		{EB4F4701-DE34-4876-8459-5C13A4A7AAE2}.Debug|Any CPU.Build.0 = Debug|Any CPU
		{EB4F4701-DE34-4876-8459-5C13A4A7AAE2}.Release|Any CPU.ActiveCfg = Release|Any CPU
		{EB4F4701-DE34-4876-8459-5C13A4A7AAE2}.Release|Any CPU.Build.0 = Release|Any CPU
	EndGlobalSection
	GlobalSection(SolutionProperties) = preSolution
		HideSolutionNode = FALSE
	EndGlobalSection
	GlobalSection(ExtensibilityGlobals) = postSolution
		SolutionGuid = {14EE8224-E4A4-4008-AB5A-B10080B99D8F}
	EndGlobalSection
EndGlobal
